// !$*UTF8*$!
{
	archiveVersion = 1;
	classes = {
	};
	objectVersion = 56;
	objects = {

/* Begin PBXBuildFile section */
		034AD0F82AC84400007AF7A0 /* ThumnailCollectionViewCell.swift in Sources */ = {isa = PBXBuildFile; fileRef = 034AD0F62AC84400007AF7A0 /* ThumnailCollectionViewCell.swift */; };
		034AD0F92AC84400007AF7A0 /* ThumnailCollectionViewCell.xib in Resources */ = {isa = PBXBuildFile; fileRef = 034AD0F72AC84400007AF7A0 /* ThumnailCollectionViewCell.xib */; };
		037802672AC7167F005352A4 /* ImageViewController.swift in Sources */ = {isa = PBXBuildFile; fileRef = 037802652AC7167F005352A4 /* ImageViewController.swift */; };
		037802682AC7167F005352A4 /* ImageViewController.swift in Sources */ = {isa = PBXBuildFile; fileRef = 037802652AC7167F005352A4 /* ImageViewController.swift */; };
		037802692AC7167F005352A4 /* ImageViewController.swift in Sources */ = {isa = PBXBuildFile; fileRef = 037802652AC7167F005352A4 /* ImageViewController.swift */; };
		0378026A2AC7167F005352A4 /* ImageViewController.xib in Resources */ = {isa = PBXBuildFile; fileRef = 037802662AC7167F005352A4 /* ImageViewController.xib */; };
		0378026B2AC7167F005352A4 /* ImageViewController.xib in Resources */ = {isa = PBXBuildFile; fileRef = 037802662AC7167F005352A4 /* ImageViewController.xib */; };
		0378026C2AC7167F005352A4 /* ImageViewController.xib in Resources */ = {isa = PBXBuildFile; fileRef = 037802662AC7167F005352A4 /* ImageViewController.xib */; };
		0378026E2AC71997005352A4 /* ImageEntity.swift in Sources */ = {isa = PBXBuildFile; fileRef = 0378026D2AC71997005352A4 /* ImageEntity.swift */; };
		0378026F2AC71997005352A4 /* ImageEntity.swift in Sources */ = {isa = PBXBuildFile; fileRef = 0378026D2AC71997005352A4 /* ImageEntity.swift */; };
		037802702AC71997005352A4 /* ImageEntity.swift in Sources */ = {isa = PBXBuildFile; fileRef = 0378026D2AC71997005352A4 /* ImageEntity.swift */; };
		03A367A42AC9651A000D1A37 /* NotesCellEditTextState.swift in Sources */ = {isa = PBXBuildFile; fileRef = 03A367A22AC9651A000D1A37 /* NotesCellEditTextState.swift */; };
		03A367A52AC9651A000D1A37 /* NotesCellEditTextState.xib in Resources */ = {isa = PBXBuildFile; fileRef = 03A367A32AC9651A000D1A37 /* NotesCellEditTextState.xib */; };
		03A367A82AC96702000D1A37 /* NotesCellAddTextState.swift in Sources */ = {isa = PBXBuildFile; fileRef = 03A367A62AC96702000D1A37 /* NotesCellAddTextState.swift */; };
		03A367A92AC96702000D1A37 /* NotesCellAddTextState.xib in Resources */ = {isa = PBXBuildFile; fileRef = 03A367A72AC96702000D1A37 /* NotesCellAddTextState.xib */; };
		03A367B02AC968A0000D1A37 /* ClassificationsCellLoadingState.swift in Sources */ = {isa = PBXBuildFile; fileRef = 03A367AE2AC968A0000D1A37 /* ClassificationsCellLoadingState.swift */; };
		03A367B12AC968A0000D1A37 /* ClassificationsCellLoadingState.xib in Resources */ = {isa = PBXBuildFile; fileRef = 03A367AF2AC968A0000D1A37 /* ClassificationsCellLoadingState.xib */; };
		03A367B42AC96A55000D1A37 /* ClassificationsCell.swift in Sources */ = {isa = PBXBuildFile; fileRef = 03A367B22AC96A55000D1A37 /* ClassificationsCell.swift */; };
		03A367B52AC96A55000D1A37 /* ClassificationsCell.xib in Resources */ = {isa = PBXBuildFile; fileRef = 03A367B32AC96A55000D1A37 /* ClassificationsCell.xib */; };
		03A367B82AC96BF1000D1A37 /* DescriptionCellLoadingState.swift in Sources */ = {isa = PBXBuildFile; fileRef = 03A367B62AC96BF1000D1A37 /* DescriptionCellLoadingState.swift */; };
		03A367B92AC96BF1000D1A37 /* DescriptionCellLoadingState.xib in Resources */ = {isa = PBXBuildFile; fileRef = 03A367B72AC96BF1000D1A37 /* DescriptionCellLoadingState.xib */; };
		03A367BC2AC9703C000D1A37 /* DescriptionCell.swift in Sources */ = {isa = PBXBuildFile; fileRef = 03A367BA2AC9703C000D1A37 /* DescriptionCell.swift */; };
		03A367BD2AC9703C000D1A37 /* DescriptionCell.xib in Resources */ = {isa = PBXBuildFile; fileRef = 03A367BB2AC9703C000D1A37 /* DescriptionCell.xib */; };
		03A367C12AC98C83000D1A37 /* TagCollectionViewCell.swift in Sources */ = {isa = PBXBuildFile; fileRef = 03A367BF2AC98C83000D1A37 /* TagCollectionViewCell.swift */; };
		03A367C22AC98C83000D1A37 /* TagCollectionViewCell.xib in Resources */ = {isa = PBXBuildFile; fileRef = 03A367C02AC98C83000D1A37 /* TagCollectionViewCell.xib */; };
		03A4AEFA2AC937C600E4984A /* ComponentsFactory.swift in Sources */ = {isa = PBXBuildFile; fileRef = 03A4AEF92AC937C600E4984A /* ComponentsFactory.swift */; };
		03A4AEFC2AC93D5200E4984A /* ColorConstants.swift in Sources */ = {isa = PBXBuildFile; fileRef = 03A4AEFB2AC93D5200E4984A /* ColorConstants.swift */; };
		03A4AF002AC93F8200E4984A /* ImageInfoViewController.swift in Sources */ = {isa = PBXBuildFile; fileRef = 03A4AEFE2AC93F8200E4984A /* ImageInfoViewController.swift */; };
		03A4AF012AC93F8200E4984A /* ImageInfoViewController.xib in Resources */ = {isa = PBXBuildFile; fileRef = 03A4AEFF2AC93F8200E4984A /* ImageInfoViewController.xib */; };
		03A4AF082AC95FF400E4984A /* NotesCellInputTextState.swift in Sources */ = {isa = PBXBuildFile; fileRef = 03A4AF062AC95FF400E4984A /* NotesCellInputTextState.swift */; };
		03A4AF092AC95FF400E4984A /* NotesCellInputTextState.xib in Resources */ = {isa = PBXBuildFile; fileRef = 03A4AF072AC95FF400E4984A /* NotesCellInputTextState.xib */; };
		03D695CB2AC81147003A2962 /* Classification.swift in Sources */ = {isa = PBXBuildFile; fileRef = 03D695CA2AC81147003A2962 /* Classification.swift */; };
		03D695CD2AC81527003A2962 /* OcrError.swift in Sources */ = {isa = PBXBuildFile; fileRef = 03D695CC2AC81527003A2962 /* OcrError.swift */; };
		03D695CF2AC81749003A2962 /* ClassificationError.swift in Sources */ = {isa = PBXBuildFile; fileRef = 03D695CE2AC81749003A2962 /* ClassificationError.swift */; };
		03FD92092AC6DC6900D31413 /* Gallery.swift in Sources */ = {isa = PBXBuildFile; fileRef = 03FD92082AC6DC6900D31413 /* Gallery.swift */; };
		03FD920A2AC6DC6900D31413 /* Gallery.swift in Sources */ = {isa = PBXBuildFile; fileRef = 03FD92082AC6DC6900D31413 /* Gallery.swift */; };
		03FD920B2AC6DC6900D31413 /* Gallery.swift in Sources */ = {isa = PBXBuildFile; fileRef = 03FD92082AC6DC6900D31413 /* Gallery.swift */; };
		03FD920F2AC6E92200D31413 /* ImageCollectionViewCell.swift in Sources */ = {isa = PBXBuildFile; fileRef = 03FD920D2AC6E92200D31413 /* ImageCollectionViewCell.swift */; };
		03FD92102AC6E92200D31413 /* ImageCollectionViewCell.swift in Sources */ = {isa = PBXBuildFile; fileRef = 03FD920D2AC6E92200D31413 /* ImageCollectionViewCell.swift */; };
		03FD92112AC6E92200D31413 /* ImageCollectionViewCell.swift in Sources */ = {isa = PBXBuildFile; fileRef = 03FD920D2AC6E92200D31413 /* ImageCollectionViewCell.swift */; };
		03FD92122AC6E92200D31413 /* ImageCollectionViewCell.xib in Resources */ = {isa = PBXBuildFile; fileRef = 03FD920E2AC6E92200D31413 /* ImageCollectionViewCell.xib */; };
		03FD92132AC6E92200D31413 /* ImageCollectionViewCell.xib in Resources */ = {isa = PBXBuildFile; fileRef = 03FD920E2AC6E92200D31413 /* ImageCollectionViewCell.xib */; };
		03FD92142AC6E92200D31413 /* ImageCollectionViewCell.xib in Resources */ = {isa = PBXBuildFile; fileRef = 03FD920E2AC6E92200D31413 /* ImageCollectionViewCell.xib */; };
		03FE3CA52AC6823800F070B2 /* AppDelegate.swift in Sources */ = {isa = PBXBuildFile; fileRef = 03FE3CA42AC6823800F070B2 /* AppDelegate.swift */; };
		03FE3CA72AC6823800F070B2 /* SceneDelegate.swift in Sources */ = {isa = PBXBuildFile; fileRef = 03FE3CA62AC6823800F070B2 /* SceneDelegate.swift */; };
		03FE3CA92AC6823800F070B2 /* ViewController.swift in Sources */ = {isa = PBXBuildFile; fileRef = 03FE3CA82AC6823800F070B2 /* ViewController.swift */; };
		03FE3CAE2AC6823A00F070B2 /* Assets.xcassets in Resources */ = {isa = PBXBuildFile; fileRef = 03FE3CAD2AC6823A00F070B2 /* Assets.xcassets */; };
		03FE3CB12AC6823A00F070B2 /* LaunchScreen.storyboard in Resources */ = {isa = PBXBuildFile; fileRef = 03FE3CAF2AC6823A00F070B2 /* LaunchScreen.storyboard */; };
		03FE3CBC2AC6823A00F070B2 /* AlleTests.swift in Sources */ = {isa = PBXBuildFile; fileRef = 03FE3CBB2AC6823A00F070B2 /* AlleTests.swift */; };
		03FE3CC62AC6823A00F070B2 /* AlleUITests.swift in Sources */ = {isa = PBXBuildFile; fileRef = 03FE3CC52AC6823A00F070B2 /* AlleUITests.swift */; };
		03FE3CC82AC6823A00F070B2 /* AlleUITestsLaunchTests.swift in Sources */ = {isa = PBXBuildFile; fileRef = 03FE3CC72AC6823A00F070B2 /* AlleUITestsLaunchTests.swift */; };
		03FE3CD62AC6831800F070B2 /* AppScopeDependancyContainer.swift in Sources */ = {isa = PBXBuildFile; fileRef = 03FE3CD52AC6831800F070B2 /* AppScopeDependancyContainer.swift */; };
		03FE3CD72AC6831800F070B2 /* AppScopeDependancyContainer.swift in Sources */ = {isa = PBXBuildFile; fileRef = 03FE3CD52AC6831800F070B2 /* AppScopeDependancyContainer.swift */; };
		03FE3CD82AC6831800F070B2 /* AppScopeDependancyContainer.swift in Sources */ = {isa = PBXBuildFile; fileRef = 03FE3CD52AC6831800F070B2 /* AppScopeDependancyContainer.swift */; };
		03FE3CE52AC69ADC00F070B2 /* GalleryViewController.swift in Sources */ = {isa = PBXBuildFile; fileRef = 03FE3CE32AC69ADC00F070B2 /* GalleryViewController.swift */; };
		03FE3CE62AC69ADC00F070B2 /* GalleryViewController.swift in Sources */ = {isa = PBXBuildFile; fileRef = 03FE3CE32AC69ADC00F070B2 /* GalleryViewController.swift */; };
		03FE3CE72AC69ADC00F070B2 /* GalleryViewController.swift in Sources */ = {isa = PBXBuildFile; fileRef = 03FE3CE32AC69ADC00F070B2 /* GalleryViewController.swift */; };
		03FE3CE82AC69ADC00F070B2 /* GalleryViewController.xib in Resources */ = {isa = PBXBuildFile; fileRef = 03FE3CE42AC69ADC00F070B2 /* GalleryViewController.xib */; };
		03FE3CE92AC69ADC00F070B2 /* GalleryViewController.xib in Resources */ = {isa = PBXBuildFile; fileRef = 03FE3CE42AC69ADC00F070B2 /* GalleryViewController.xib */; };
		03FE3CEA2AC69ADC00F070B2 /* GalleryViewController.xib in Resources */ = {isa = PBXBuildFile; fileRef = 03FE3CE42AC69ADC00F070B2 /* GalleryViewController.xib */; };
		03FE3CEC2AC6AD0700F070B2 /* ImagesRepository.swift in Sources */ = {isa = PBXBuildFile; fileRef = 03FE3CEB2AC6AD0700F070B2 /* ImagesRepository.swift */; };
		03FE3CED2AC6AD0700F070B2 /* ImagesRepository.swift in Sources */ = {isa = PBXBuildFile; fileRef = 03FE3CEB2AC6AD0700F070B2 /* ImagesRepository.swift */; };
		03FE3CEE2AC6AD0700F070B2 /* ImagesRepository.swift in Sources */ = {isa = PBXBuildFile; fileRef = 03FE3CEB2AC6AD0700F070B2 /* ImagesRepository.swift */; };
		7117A84073A6DB52A02DF1C9 /* Pods_Alle_AlleUITests.framework in Frameworks */ = {isa = PBXBuildFile; fileRef = B250A4FEB14BB3E9DCDC9429 /* Pods_Alle_AlleUITests.framework */; };
		8E995CEFB24EC7DFC70F033D /* Pods_AlleTests.framework in Frameworks */ = {isa = PBXBuildFile; fileRef = 1EB265C173196B97BF83BFFF /* Pods_AlleTests.framework */; };
		A19C4C8B4AE33765CC549CA5 /* Pods_Alle.framework in Frameworks */ = {isa = PBXBuildFile; fileRef = EDC8E52D734FFFDBC4713C05 /* Pods_Alle.framework */; };
/* End PBXBuildFile section */

/* Begin PBXContainerItemProxy section */
		03FE3CB82AC6823A00F070B2 /* PBXContainerItemProxy */ = {
			isa = PBXContainerItemProxy;
			containerPortal = 03FE3C992AC6823800F070B2 /* Project object */;
			proxyType = 1;
			remoteGlobalIDString = 03FE3CA02AC6823800F070B2;
			remoteInfo = Alle;
		};
		03FE3CC22AC6823A00F070B2 /* PBXContainerItemProxy */ = {
			isa = PBXContainerItemProxy;
			containerPortal = 03FE3C992AC6823800F070B2 /* Project object */;
			proxyType = 1;
			remoteGlobalIDString = 03FE3CA02AC6823800F070B2;
			remoteInfo = Alle;
		};
/* End PBXContainerItemProxy section */

/* Begin PBXFileReference section */
		034AD0F62AC84400007AF7A0 /* ThumnailCollectionViewCell.swift */ = {isa = PBXFileReference; lastKnownFileType = sourcecode.swift; path = ThumnailCollectionViewCell.swift; sourceTree = "<group>"; };
		034AD0F72AC84400007AF7A0 /* ThumnailCollectionViewCell.xib */ = {isa = PBXFileReference; lastKnownFileType = file.xib; path = ThumnailCollectionViewCell.xib; sourceTree = "<group>"; };
		037802652AC7167F005352A4 /* ImageViewController.swift */ = {isa = PBXFileReference; lastKnownFileType = sourcecode.swift; path = ImageViewController.swift; sourceTree = "<group>"; };
		037802662AC7167F005352A4 /* ImageViewController.xib */ = {isa = PBXFileReference; lastKnownFileType = file.xib; path = ImageViewController.xib; sourceTree = "<group>"; };
		0378026D2AC71997005352A4 /* ImageEntity.swift */ = {isa = PBXFileReference; lastKnownFileType = sourcecode.swift; path = ImageEntity.swift; sourceTree = "<group>"; };
		03A367A22AC9651A000D1A37 /* NotesCellEditTextState.swift */ = {isa = PBXFileReference; lastKnownFileType = sourcecode.swift; path = NotesCellEditTextState.swift; sourceTree = "<group>"; };
		03A367A32AC9651A000D1A37 /* NotesCellEditTextState.xib */ = {isa = PBXFileReference; lastKnownFileType = file.xib; path = NotesCellEditTextState.xib; sourceTree = "<group>"; };
		03A367A62AC96702000D1A37 /* NotesCellAddTextState.swift */ = {isa = PBXFileReference; lastKnownFileType = sourcecode.swift; path = NotesCellAddTextState.swift; sourceTree = "<group>"; };
		03A367A72AC96702000D1A37 /* NotesCellAddTextState.xib */ = {isa = PBXFileReference; lastKnownFileType = file.xib; path = NotesCellAddTextState.xib; sourceTree = "<group>"; };
		03A367AE2AC968A0000D1A37 /* ClassificationsCellLoadingState.swift */ = {isa = PBXFileReference; lastKnownFileType = sourcecode.swift; path = ClassificationsCellLoadingState.swift; sourceTree = "<group>"; };
		03A367AF2AC968A0000D1A37 /* ClassificationsCellLoadingState.xib */ = {isa = PBXFileReference; lastKnownFileType = file.xib; path = ClassificationsCellLoadingState.xib; sourceTree = "<group>"; };
		03A367B22AC96A55000D1A37 /* ClassificationsCell.swift */ = {isa = PBXFileReference; lastKnownFileType = sourcecode.swift; path = ClassificationsCell.swift; sourceTree = "<group>"; };
		03A367B32AC96A55000D1A37 /* ClassificationsCell.xib */ = {isa = PBXFileReference; lastKnownFileType = file.xib; path = ClassificationsCell.xib; sourceTree = "<group>"; };
		03A367B62AC96BF1000D1A37 /* DescriptionCellLoadingState.swift */ = {isa = PBXFileReference; lastKnownFileType = sourcecode.swift; path = DescriptionCellLoadingState.swift; sourceTree = "<group>"; };
		03A367B72AC96BF1000D1A37 /* DescriptionCellLoadingState.xib */ = {isa = PBXFileReference; lastKnownFileType = file.xib; path = DescriptionCellLoadingState.xib; sourceTree = "<group>"; };
		03A367BA2AC9703C000D1A37 /* DescriptionCell.swift */ = {isa = PBXFileReference; lastKnownFileType = sourcecode.swift; path = DescriptionCell.swift; sourceTree = "<group>"; };
		03A367BB2AC9703C000D1A37 /* DescriptionCell.xib */ = {isa = PBXFileReference; lastKnownFileType = file.xib; path = DescriptionCell.xib; sourceTree = "<group>"; };
		03A367BF2AC98C83000D1A37 /* TagCollectionViewCell.swift */ = {isa = PBXFileReference; lastKnownFileType = sourcecode.swift; path = TagCollectionViewCell.swift; sourceTree = "<group>"; };
		03A367C02AC98C83000D1A37 /* TagCollectionViewCell.xib */ = {isa = PBXFileReference; lastKnownFileType = file.xib; path = TagCollectionViewCell.xib; sourceTree = "<group>"; };
		03A4AEF92AC937C600E4984A /* ComponentsFactory.swift */ = {isa = PBXFileReference; lastKnownFileType = sourcecode.swift; path = ComponentsFactory.swift; sourceTree = "<group>"; };
		03A4AEFB2AC93D5200E4984A /* ColorConstants.swift */ = {isa = PBXFileReference; lastKnownFileType = sourcecode.swift; path = ColorConstants.swift; sourceTree = "<group>"; };
		03A4AEFE2AC93F8200E4984A /* ImageInfoViewController.swift */ = {isa = PBXFileReference; lastKnownFileType = sourcecode.swift; path = ImageInfoViewController.swift; sourceTree = "<group>"; };
		03A4AEFF2AC93F8200E4984A /* ImageInfoViewController.xib */ = {isa = PBXFileReference; lastKnownFileType = file.xib; path = ImageInfoViewController.xib; sourceTree = "<group>"; };
		03A4AF062AC95FF400E4984A /* NotesCellInputTextState.swift */ = {isa = PBXFileReference; lastKnownFileType = sourcecode.swift; path = NotesCellInputTextState.swift; sourceTree = "<group>"; };
		03A4AF072AC95FF400E4984A /* NotesCellInputTextState.xib */ = {isa = PBXFileReference; lastKnownFileType = file.xib; path = NotesCellInputTextState.xib; sourceTree = "<group>"; };
		03D695CA2AC81147003A2962 /* Classification.swift */ = {isa = PBXFileReference; lastKnownFileType = sourcecode.swift; path = Classification.swift; sourceTree = "<group>"; };
		03D695CC2AC81527003A2962 /* OcrError.swift */ = {isa = PBXFileReference; lastKnownFileType = sourcecode.swift; path = OcrError.swift; sourceTree = "<group>"; };
		03D695CE2AC81749003A2962 /* ClassificationError.swift */ = {isa = PBXFileReference; lastKnownFileType = sourcecode.swift; path = ClassificationError.swift; sourceTree = "<group>"; };
		03FD92082AC6DC6900D31413 /* Gallery.swift */ = {isa = PBXFileReference; lastKnownFileType = sourcecode.swift; path = Gallery.swift; sourceTree = "<group>"; };
		03FD920D2AC6E92200D31413 /* ImageCollectionViewCell.swift */ = {isa = PBXFileReference; lastKnownFileType = sourcecode.swift; path = ImageCollectionViewCell.swift; sourceTree = "<group>"; };
		03FD920E2AC6E92200D31413 /* ImageCollectionViewCell.xib */ = {isa = PBXFileReference; lastKnownFileType = file.xib; path = ImageCollectionViewCell.xib; sourceTree = "<group>"; };
		03FE3CA12AC6823800F070B2 /* Alle.app */ = {isa = PBXFileReference; explicitFileType = wrapper.application; includeInIndex = 0; path = Alle.app; sourceTree = BUILT_PRODUCTS_DIR; };
		03FE3CA42AC6823800F070B2 /* AppDelegate.swift */ = {isa = PBXFileReference; lastKnownFileType = sourcecode.swift; path = AppDelegate.swift; sourceTree = "<group>"; };
		03FE3CA62AC6823800F070B2 /* SceneDelegate.swift */ = {isa = PBXFileReference; lastKnownFileType = sourcecode.swift; path = SceneDelegate.swift; sourceTree = "<group>"; };
		03FE3CA82AC6823800F070B2 /* ViewController.swift */ = {isa = PBXFileReference; lastKnownFileType = sourcecode.swift; path = ViewController.swift; sourceTree = "<group>"; };
		03FE3CAD2AC6823A00F070B2 /* Assets.xcassets */ = {isa = PBXFileReference; lastKnownFileType = folder.assetcatalog; path = Assets.xcassets; sourceTree = "<group>"; };
		03FE3CB02AC6823A00F070B2 /* Base */ = {isa = PBXFileReference; lastKnownFileType = file.storyboard; name = Base; path = Base.lproj/LaunchScreen.storyboard; sourceTree = "<group>"; };
		03FE3CB22AC6823A00F070B2 /* Info.plist */ = {isa = PBXFileReference; lastKnownFileType = text.plist.xml; path = Info.plist; sourceTree = "<group>"; };
		03FE3CB72AC6823A00F070B2 /* AlleTests.xctest */ = {isa = PBXFileReference; explicitFileType = wrapper.cfbundle; includeInIndex = 0; path = AlleTests.xctest; sourceTree = BUILT_PRODUCTS_DIR; };
		03FE3CBB2AC6823A00F070B2 /* AlleTests.swift */ = {isa = PBXFileReference; lastKnownFileType = sourcecode.swift; path = AlleTests.swift; sourceTree = "<group>"; };
		03FE3CC12AC6823A00F070B2 /* AlleUITests.xctest */ = {isa = PBXFileReference; explicitFileType = wrapper.cfbundle; includeInIndex = 0; path = AlleUITests.xctest; sourceTree = BUILT_PRODUCTS_DIR; };
		03FE3CC52AC6823A00F070B2 /* AlleUITests.swift */ = {isa = PBXFileReference; lastKnownFileType = sourcecode.swift; path = AlleUITests.swift; sourceTree = "<group>"; };
		03FE3CC72AC6823A00F070B2 /* AlleUITestsLaunchTests.swift */ = {isa = PBXFileReference; lastKnownFileType = sourcecode.swift; path = AlleUITestsLaunchTests.swift; sourceTree = "<group>"; };
		03FE3CD52AC6831800F070B2 /* AppScopeDependancyContainer.swift */ = {isa = PBXFileReference; lastKnownFileType = sourcecode.swift; path = AppScopeDependancyContainer.swift; sourceTree = "<group>"; };
		03FE3CE32AC69ADC00F070B2 /* GalleryViewController.swift */ = {isa = PBXFileReference; lastKnownFileType = sourcecode.swift; path = GalleryViewController.swift; sourceTree = "<group>"; };
		03FE3CE42AC69ADC00F070B2 /* GalleryViewController.xib */ = {isa = PBXFileReference; lastKnownFileType = file.xib; path = GalleryViewController.xib; sourceTree = "<group>"; };
		03FE3CEB2AC6AD0700F070B2 /* ImagesRepository.swift */ = {isa = PBXFileReference; lastKnownFileType = sourcecode.swift; path = ImagesRepository.swift; sourceTree = "<group>"; };
		1EB265C173196B97BF83BFFF /* Pods_AlleTests.framework */ = {isa = PBXFileReference; explicitFileType = wrapper.framework; includeInIndex = 0; path = Pods_AlleTests.framework; sourceTree = BUILT_PRODUCTS_DIR; };
		2175A990CAD0155DDFBE2541 /* Pods-AlleTests.release.xcconfig */ = {isa = PBXFileReference; includeInIndex = 1; lastKnownFileType = text.xcconfig; name = "Pods-AlleTests.release.xcconfig"; path = "Target Support Files/Pods-AlleTests/Pods-AlleTests.release.xcconfig"; sourceTree = "<group>"; };
		4C79522AD3FE9FFCC5DABD20 /* Pods-Alle-AlleUITests.release.xcconfig */ = {isa = PBXFileReference; includeInIndex = 1; lastKnownFileType = text.xcconfig; name = "Pods-Alle-AlleUITests.release.xcconfig"; path = "Target Support Files/Pods-Alle-AlleUITests/Pods-Alle-AlleUITests.release.xcconfig"; sourceTree = "<group>"; };
		9DBC0C956D258B8B9A8CAECD /* Pods-Alle.debug.xcconfig */ = {isa = PBXFileReference; includeInIndex = 1; lastKnownFileType = text.xcconfig; name = "Pods-Alle.debug.xcconfig"; path = "Target Support Files/Pods-Alle/Pods-Alle.debug.xcconfig"; sourceTree = "<group>"; };
		A115E610F5E2AA25093DC4EA /* Pods-AlleTests.debug.xcconfig */ = {isa = PBXFileReference; includeInIndex = 1; lastKnownFileType = text.xcconfig; name = "Pods-AlleTests.debug.xcconfig"; path = "Target Support Files/Pods-AlleTests/Pods-AlleTests.debug.xcconfig"; sourceTree = "<group>"; };
		B250A4FEB14BB3E9DCDC9429 /* Pods_Alle_AlleUITests.framework */ = {isa = PBXFileReference; explicitFileType = wrapper.framework; includeInIndex = 0; path = Pods_Alle_AlleUITests.framework; sourceTree = BUILT_PRODUCTS_DIR; };
		BAB3D91F10B6645AD445BC3E /* Pods-Alle-AlleUITests.debug.xcconfig */ = {isa = PBXFileReference; includeInIndex = 1; lastKnownFileType = text.xcconfig; name = "Pods-Alle-AlleUITests.debug.xcconfig"; path = "Target Support Files/Pods-Alle-AlleUITests/Pods-Alle-AlleUITests.debug.xcconfig"; sourceTree = "<group>"; };
		EDC8E52D734FFFDBC4713C05 /* Pods_Alle.framework */ = {isa = PBXFileReference; explicitFileType = wrapper.framework; includeInIndex = 0; path = Pods_Alle.framework; sourceTree = BUILT_PRODUCTS_DIR; };
		FA2159307FC8776DFAB0EABC /* Pods-Alle.release.xcconfig */ = {isa = PBXFileReference; includeInIndex = 1; lastKnownFileType = text.xcconfig; name = "Pods-Alle.release.xcconfig"; path = "Target Support Files/Pods-Alle/Pods-Alle.release.xcconfig"; sourceTree = "<group>"; };
/* End PBXFileReference section */

/* Begin PBXFrameworksBuildPhase section */
		03FE3C9E2AC6823800F070B2 /* Frameworks */ = {
			isa = PBXFrameworksBuildPhase;
			buildActionMask = 2147483647;
			files = (
				A19C4C8B4AE33765CC549CA5 /* Pods_Alle.framework in Frameworks */,
			);
			runOnlyForDeploymentPostprocessing = 0;
		};
		03FE3CB42AC6823A00F070B2 /* Frameworks */ = {
			isa = PBXFrameworksBuildPhase;
			buildActionMask = 2147483647;
			files = (
				8E995CEFB24EC7DFC70F033D /* Pods_AlleTests.framework in Frameworks */,
			);
			runOnlyForDeploymentPostprocessing = 0;
		};
		03FE3CBE2AC6823A00F070B2 /* Frameworks */ = {
			isa = PBXFrameworksBuildPhase;
			buildActionMask = 2147483647;
			files = (
				7117A84073A6DB52A02DF1C9 /* Pods_Alle_AlleUITests.framework in Frameworks */,
			);
			runOnlyForDeploymentPostprocessing = 0;
		};
/* End PBXFrameworksBuildPhase section */

/* Begin PBXGroup section */
		034AD0FA2AC84409007AF7A0 /* ThumnailCollectionViewCell */ = {
			isa = PBXGroup;
			children = (
				034AD0F62AC84400007AF7A0 /* ThumnailCollectionViewCell.swift */,
				034AD0F72AC84400007AF7A0 /* ThumnailCollectionViewCell.xib */,
			);
			path = ThumnailCollectionViewCell;
			sourceTree = "<group>";
		};
		0378025F2AC70ECC005352A4 /* Repos */ = {
			isa = PBXGroup;
			children = (
				03FE3CEB2AC6AD0700F070B2 /* ImagesRepository.swift */,
			);
			path = Repos;
			sourceTree = "<group>";
		};
		037802602AC70EEA005352A4 /* Models */ = {
			isa = PBXGroup;
			children = (
				03FD92082AC6DC6900D31413 /* Gallery.swift */,
				0378026D2AC71997005352A4 /* ImageEntity.swift */,
				03D695CA2AC81147003A2962 /* Classification.swift */,
				03D695CC2AC81527003A2962 /* OcrError.swift */,
				03D695CE2AC81749003A2962 /* ClassificationError.swift */,
			);
			path = Models;
			sourceTree = "<group>";
		};
		03A367A12AC964EA000D1A37 /* NotesCellEditTextState */ = {
			isa = PBXGroup;
			children = (
				03A367A22AC9651A000D1A37 /* NotesCellEditTextState.swift */,
				03A367A32AC9651A000D1A37 /* NotesCellEditTextState.xib */,
			);
			path = NotesCellEditTextState;
			sourceTree = "<group>";
		};
		03A367AA2AC96825000D1A37 /* ClassificationsCellLoadingState */ = {
			isa = PBXGroup;
			children = (
				03A367AE2AC968A0000D1A37 /* ClassificationsCellLoadingState.swift */,
				03A367AF2AC968A0000D1A37 /* ClassificationsCellLoadingState.xib */,
			);
			path = ClassificationsCellLoadingState;
			sourceTree = "<group>";
		};
		03A367AB2AC9683C000D1A37 /* ClassificationsCell */ = {
			isa = PBXGroup;
			children = (
				03A367B22AC96A55000D1A37 /* ClassificationsCell.swift */,
				03A367B32AC96A55000D1A37 /* ClassificationsCell.xib */,
			);
			path = ClassificationsCell;
			sourceTree = "<group>";
		};
		03A367AC2AC96865000D1A37 /* DescriptionCellLoadingState */ = {
			isa = PBXGroup;
			children = (
				03A367B62AC96BF1000D1A37 /* DescriptionCellLoadingState.swift */,
				03A367B72AC96BF1000D1A37 /* DescriptionCellLoadingState.xib */,
			);
			path = DescriptionCellLoadingState;
			sourceTree = "<group>";
		};
		03A367AD2AC96882000D1A37 /* DescriptionCell */ = {
			isa = PBXGroup;
			children = (
				03A367BA2AC9703C000D1A37 /* DescriptionCell.swift */,
				03A367BB2AC9703C000D1A37 /* DescriptionCell.xib */,
			);
			path = DescriptionCell;
			sourceTree = "<group>";
		};
		03A367BE2AC98C51000D1A37 /* TagCollectionViewCell */ = {
			isa = PBXGroup;
			children = (
				03A367BF2AC98C83000D1A37 /* TagCollectionViewCell.swift */,
				03A367C02AC98C83000D1A37 /* TagCollectionViewCell.xib */,
			);
			path = TagCollectionViewCell;
			sourceTree = "<group>";
		};
		03A4AEFD2AC93D6200E4984A /* Theme */ = {
			isa = PBXGroup;
			children = (
				03A4AEFB2AC93D5200E4984A /* ColorConstants.swift */,
			);
			path = Theme;
			sourceTree = "<group>";
		};
		03A4AF022AC95F0B00E4984A /* Cells */ = {
			isa = PBXGroup;
			children = (
				03A367AD2AC96882000D1A37 /* DescriptionCell */,
				03A367AC2AC96865000D1A37 /* DescriptionCellLoadingState */,
				03A367AB2AC9683C000D1A37 /* ClassificationsCell */,
				03A367AA2AC96825000D1A37 /* ClassificationsCellLoadingState */,
				03A367A12AC964EA000D1A37 /* NotesCellEditTextState */,
				03A4AF052AC95FAD00E4984A /* NotesCellInputTextState */,
				03A4AF032AC95F1200E4984A /* NotesCellAddTextState */,
			);
			path = Cells;
			sourceTree = "<group>";
		};
		03A4AF032AC95F1200E4984A /* NotesCellAddTextState */ = {
			isa = PBXGroup;
			children = (
				03A367A62AC96702000D1A37 /* NotesCellAddTextState.swift */,
				03A367A72AC96702000D1A37 /* NotesCellAddTextState.xib */,
			);
			path = NotesCellAddTextState;
			sourceTree = "<group>";
		};
		03A4AF052AC95FAD00E4984A /* NotesCellInputTextState */ = {
			isa = PBXGroup;
			children = (
				03A4AF062AC95FF400E4984A /* NotesCellInputTextState.swift */,
				03A4AF072AC95FF400E4984A /* NotesCellInputTextState.xib */,
			);
			path = NotesCellInputTextState;
			sourceTree = "<group>";
		};
		03FD920C2AC6E8EE00D31413 /* ImageCollectionViewCell */ = {
			isa = PBXGroup;
			children = (
				03FD920D2AC6E92200D31413 /* ImageCollectionViewCell.swift */,
				03FD920E2AC6E92200D31413 /* ImageCollectionViewCell.xib */,
			);
			path = ImageCollectionViewCell;
			sourceTree = "<group>";
		};
		03FE3C982AC6823800F070B2 = {
			isa = PBXGroup;
			children = (
				03FE3CA32AC6823800F070B2 /* Alle */,
				03FE3CBA2AC6823A00F070B2 /* AlleTests */,
				03FE3CC42AC6823A00F070B2 /* AlleUITests */,
				03FE3CA22AC6823800F070B2 /* Products */,
				632CF4DC92ED26A86A511039 /* Pods */,
				294D479D0A027749E80153FE /* Frameworks */,
			);
			sourceTree = "<group>";
		};
		03FE3CA22AC6823800F070B2 /* Products */ = {
			isa = PBXGroup;
			children = (
				03FE3CA12AC6823800F070B2 /* Alle.app */,
				03FE3CB72AC6823A00F070B2 /* AlleTests.xctest */,
				03FE3CC12AC6823A00F070B2 /* AlleUITests.xctest */,
			);
			name = Products;
			sourceTree = "<group>";
		};
		03FE3CA32AC6823800F070B2 /* Alle */ = {
			isa = PBXGroup;
			children = (
				037802602AC70EEA005352A4 /* Models */,
				0378025F2AC70ECC005352A4 /* Repos */,
				03FE3CDE2AC6845800F070B2 /* View Related */,
				03FE3CD42AC682F200F070B2 /* DI Containers */,
				03FE3CA42AC6823800F070B2 /* AppDelegate.swift */,
				03FE3CA62AC6823800F070B2 /* SceneDelegate.swift */,
				03FE3CA82AC6823800F070B2 /* ViewController.swift */,
				03FE3CAD2AC6823A00F070B2 /* Assets.xcassets */,
				03FE3CAF2AC6823A00F070B2 /* LaunchScreen.storyboard */,
				03FE3CB22AC6823A00F070B2 /* Info.plist */,
			);
			path = Alle;
			sourceTree = "<group>";
		};
		03FE3CBA2AC6823A00F070B2 /* AlleTests */ = {
			isa = PBXGroup;
			children = (
				03FE3CBB2AC6823A00F070B2 /* AlleTests.swift */,
			);
			path = AlleTests;
			sourceTree = "<group>";
		};
		03FE3CC42AC6823A00F070B2 /* AlleUITests */ = {
			isa = PBXGroup;
			children = (
				03FE3CC52AC6823A00F070B2 /* AlleUITests.swift */,
				03FE3CC72AC6823A00F070B2 /* AlleUITestsLaunchTests.swift */,
			);
			path = AlleUITests;
			sourceTree = "<group>";
		};
		03FE3CD42AC682F200F070B2 /* DI Containers */ = {
			isa = PBXGroup;
			children = (
				03FE3CD52AC6831800F070B2 /* AppScopeDependancyContainer.swift */,
			);
			path = "DI Containers";
			sourceTree = "<group>";
		};
		03FE3CD92AC683E000F070B2 /* Common Components */ = {
			isa = PBXGroup;
			children = (
				03A367BE2AC98C51000D1A37 /* TagCollectionViewCell */,
				034AD0FA2AC84409007AF7A0 /* ThumnailCollectionViewCell */,
				03FD920C2AC6E8EE00D31413 /* ImageCollectionViewCell */,
				03A4AEF92AC937C600E4984A /* ComponentsFactory.swift */,
			);
			path = "Common Components";
			sourceTree = "<group>";
		};
		03FE3CDA2AC683F600F070B2 /* Gallery */ = {
			isa = PBXGroup;
			children = (
				03FE3CE32AC69ADC00F070B2 /* GalleryViewController.swift */,
				03FE3CE42AC69ADC00F070B2 /* GalleryViewController.xib */,
			);
			path = Gallery;
			sourceTree = "<group>";
		};
		03FE3CDB2AC6841A00F070B2 /* ImageViewing */ = {
			isa = PBXGroup;
			children = (
				037802652AC7167F005352A4 /* ImageViewController.swift */,
				037802662AC7167F005352A4 /* ImageViewController.xib */,
			);
			path = ImageViewing;
			sourceTree = "<group>";
		};
		03FE3CDC2AC6843C00F070B2 /* ImageInfo */ = {
			isa = PBXGroup;
			children = (
				03A4AF022AC95F0B00E4984A /* Cells */,
				03A4AEFE2AC93F8200E4984A /* ImageInfoViewController.swift */,
				03A4AEFF2AC93F8200E4984A /* ImageInfoViewController.xib */,
			);
			path = ImageInfo;
			sourceTree = "<group>";
		};
		03FE3CDD2AC6844E00F070B2 /* Collections */ = {
			isa = PBXGroup;
			children = (
			);
			path = Collections;
			sourceTree = "<group>";
		};
		03FE3CDE2AC6845800F070B2 /* View Related */ = {
			isa = PBXGroup;
			children = (
				03A4AEFD2AC93D6200E4984A /* Theme */,
				03FE3CD92AC683E000F070B2 /* Common Components */,
				03FE3CDD2AC6844E00F070B2 /* Collections */,
				03FE3CDC2AC6843C00F070B2 /* ImageInfo */,
				03FE3CDB2AC6841A00F070B2 /* ImageViewing */,
				03FE3CDA2AC683F600F070B2 /* Gallery */,
			);
			path = "View Related";
			sourceTree = "<group>";
		};
		294D479D0A027749E80153FE /* Frameworks */ = {
			isa = PBXGroup;
			children = (
				EDC8E52D734FFFDBC4713C05 /* Pods_Alle.framework */,
				B250A4FEB14BB3E9DCDC9429 /* Pods_Alle_AlleUITests.framework */,
				1EB265C173196B97BF83BFFF /* Pods_AlleTests.framework */,
			);
			name = Frameworks;
			sourceTree = "<group>";
		};
		632CF4DC92ED26A86A511039 /* Pods */ = {
			isa = PBXGroup;
			children = (
				9DBC0C956D258B8B9A8CAECD /* Pods-Alle.debug.xcconfig */,
				FA2159307FC8776DFAB0EABC /* Pods-Alle.release.xcconfig */,
				BAB3D91F10B6645AD445BC3E /* Pods-Alle-AlleUITests.debug.xcconfig */,
				4C79522AD3FE9FFCC5DABD20 /* Pods-Alle-AlleUITests.release.xcconfig */,
				A115E610F5E2AA25093DC4EA /* Pods-AlleTests.debug.xcconfig */,
				2175A990CAD0155DDFBE2541 /* Pods-AlleTests.release.xcconfig */,
			);
			name = Pods;
			path = Pods;
			sourceTree = "<group>";
		};
/* End PBXGroup section */

/* Begin PBXNativeTarget section */
		03FE3CA02AC6823800F070B2 /* Alle */ = {
			isa = PBXNativeTarget;
			buildConfigurationList = 03FE3CCB2AC6823A00F070B2 /* Build configuration list for PBXNativeTarget "Alle" */;
			buildPhases = (
				9D5C65C6F4DC0A2754C0B8DB /* [CP] Check Pods Manifest.lock */,
				03FE3C9D2AC6823800F070B2 /* Sources */,
				03FE3C9E2AC6823800F070B2 /* Frameworks */,
				03FE3C9F2AC6823800F070B2 /* Resources */,
				A8BBD3BB278413FF12A389E8 /* [CP] Embed Pods Frameworks */,
			);
			buildRules = (
			);
			dependencies = (
			);
			name = Alle;
			productName = Alle;
			productReference = 03FE3CA12AC6823800F070B2 /* Alle.app */;
			productType = "com.apple.product-type.application";
		};
		03FE3CB62AC6823A00F070B2 /* AlleTests */ = {
			isa = PBXNativeTarget;
			buildConfigurationList = 03FE3CCE2AC6823A00F070B2 /* Build configuration list for PBXNativeTarget "AlleTests" */;
			buildPhases = (
				234F6E6E937254B802408F46 /* [CP] Check Pods Manifest.lock */,
				03FE3CB32AC6823A00F070B2 /* Sources */,
				03FE3CB42AC6823A00F070B2 /* Frameworks */,
				03FE3CB52AC6823A00F070B2 /* Resources */,
			);
			buildRules = (
			);
			dependencies = (
				03FE3CB92AC6823A00F070B2 /* PBXTargetDependency */,
			);
			name = AlleTests;
			productName = AlleTests;
			productReference = 03FE3CB72AC6823A00F070B2 /* AlleTests.xctest */;
			productType = "com.apple.product-type.bundle.unit-test";
		};
		03FE3CC02AC6823A00F070B2 /* AlleUITests */ = {
			isa = PBXNativeTarget;
			buildConfigurationList = 03FE3CD12AC6823A00F070B2 /* Build configuration list for PBXNativeTarget "AlleUITests" */;
			buildPhases = (
				F12E085CB9A914A3BF7B26E8 /* [CP] Check Pods Manifest.lock */,
				03FE3CBD2AC6823A00F070B2 /* Sources */,
				03FE3CBE2AC6823A00F070B2 /* Frameworks */,
				03FE3CBF2AC6823A00F070B2 /* Resources */,
				EBDC08509CC7623B4508A4B2 /* [CP] Embed Pods Frameworks */,
			);
			buildRules = (
			);
			dependencies = (
				03FE3CC32AC6823A00F070B2 /* PBXTargetDependency */,
			);
			name = AlleUITests;
			productName = AlleUITests;
			productReference = 03FE3CC12AC6823A00F070B2 /* AlleUITests.xctest */;
			productType = "com.apple.product-type.bundle.ui-testing";
		};
/* End PBXNativeTarget section */

/* Begin PBXProject section */
		03FE3C992AC6823800F070B2 /* Project object */ = {
			isa = PBXProject;
			attributes = {
				BuildIndependentTargetsInParallel = 1;
				LastSwiftUpdateCheck = 1430;
				LastUpgradeCheck = 1430;
				TargetAttributes = {
					03FE3CA02AC6823800F070B2 = {
						CreatedOnToolsVersion = 14.3;
					};
					03FE3CB62AC6823A00F070B2 = {
						CreatedOnToolsVersion = 14.3;
						TestTargetID = 03FE3CA02AC6823800F070B2;
					};
					03FE3CC02AC6823A00F070B2 = {
						CreatedOnToolsVersion = 14.3;
						TestTargetID = 03FE3CA02AC6823800F070B2;
					};
				};
			};
			buildConfigurationList = 03FE3C9C2AC6823800F070B2 /* Build configuration list for PBXProject "Alle" */;
			compatibilityVersion = "Xcode 14.0";
			developmentRegion = en;
			hasScannedForEncodings = 0;
			knownRegions = (
				en,
				Base,
			);
			mainGroup = 03FE3C982AC6823800F070B2;
			productRefGroup = 03FE3CA22AC6823800F070B2 /* Products */;
			projectDirPath = "";
			projectRoot = "";
			targets = (
				03FE3CA02AC6823800F070B2 /* Alle */,
				03FE3CB62AC6823A00F070B2 /* AlleTests */,
				03FE3CC02AC6823A00F070B2 /* AlleUITests */,
			);
		};
/* End PBXProject section */

/* Begin PBXResourcesBuildPhase section */
		03FE3C9F2AC6823800F070B2 /* Resources */ = {
			isa = PBXResourcesBuildPhase;
			buildActionMask = 2147483647;
			files = (
				034AD0F92AC84400007AF7A0 /* ThumnailCollectionViewCell.xib in Resources */,
				0378026A2AC7167F005352A4 /* ImageViewController.xib in Resources */,
				03A367B12AC968A0000D1A37 /* ClassificationsCellLoadingState.xib in Resources */,
				03FE3CB12AC6823A00F070B2 /* LaunchScreen.storyboard in Resources */,
				03A367B92AC96BF1000D1A37 /* DescriptionCellLoadingState.xib in Resources */,
				03FE3CE82AC69ADC00F070B2 /* GalleryViewController.xib in Resources */,
				03A367A52AC9651A000D1A37 /* NotesCellEditTextState.xib in Resources */,
				03FD92122AC6E92200D31413 /* ImageCollectionViewCell.xib in Resources */,
				03A4AF092AC95FF400E4984A /* NotesCellInputTextState.xib in Resources */,
				03A4AF012AC93F8200E4984A /* ImageInfoViewController.xib in Resources */,
				03A367A92AC96702000D1A37 /* NotesCellAddTextState.xib in Resources */,
				03FE3CAE2AC6823A00F070B2 /* Assets.xcassets in Resources */,
				03A367C22AC98C83000D1A37 /* TagCollectionViewCell.xib in Resources */,
				03A367BD2AC9703C000D1A37 /* DescriptionCell.xib in Resources */,
				03A367B52AC96A55000D1A37 /* ClassificationsCell.xib in Resources */,
			);
			runOnlyForDeploymentPostprocessing = 0;
		};
		03FE3CB52AC6823A00F070B2 /* Resources */ = {
			isa = PBXResourcesBuildPhase;
			buildActionMask = 2147483647;
			files = (
				03FD92132AC6E92200D31413 /* ImageCollectionViewCell.xib in Resources */,
				0378026B2AC7167F005352A4 /* ImageViewController.xib in Resources */,
				03FE3CE92AC69ADC00F070B2 /* GalleryViewController.xib in Resources */,
			);
			runOnlyForDeploymentPostprocessing = 0;
		};
		03FE3CBF2AC6823A00F070B2 /* Resources */ = {
			isa = PBXResourcesBuildPhase;
			buildActionMask = 2147483647;
			files = (
				03FD92142AC6E92200D31413 /* ImageCollectionViewCell.xib in Resources */,
				0378026C2AC7167F005352A4 /* ImageViewController.xib in Resources */,
				03FE3CEA2AC69ADC00F070B2 /* GalleryViewController.xib in Resources */,
			);
			runOnlyForDeploymentPostprocessing = 0;
		};
/* End PBXResourcesBuildPhase section */

/* Begin PBXShellScriptBuildPhase section */
		234F6E6E937254B802408F46 /* [CP] Check Pods Manifest.lock */ = {
			isa = PBXShellScriptBuildPhase;
			buildActionMask = 2147483647;
			files = (
			);
			inputFileListPaths = (
			);
			inputPaths = (
				"${PODS_PODFILE_DIR_PATH}/Podfile.lock",
				"${PODS_ROOT}/Manifest.lock",
			);
			name = "[CP] Check Pods Manifest.lock";
			outputFileListPaths = (
			);
			outputPaths = (
				"$(DERIVED_FILE_DIR)/Pods-AlleTests-checkManifestLockResult.txt",
			);
			runOnlyForDeploymentPostprocessing = 0;
			shellPath = /bin/sh;
			shellScript = "diff \"${PODS_PODFILE_DIR_PATH}/Podfile.lock\" \"${PODS_ROOT}/Manifest.lock\" > /dev/null\nif [ $? != 0 ] ; then\n    # print error to STDERR\n    echo \"error: The sandbox is not in sync with the Podfile.lock. Run 'pod install' or update your CocoaPods installation.\" >&2\n    exit 1\nfi\n# This output is used by Xcode 'outputs' to avoid re-running this script phase.\necho \"SUCCESS\" > \"${SCRIPT_OUTPUT_FILE_0}\"\n";
			showEnvVarsInLog = 0;
		};
		9D5C65C6F4DC0A2754C0B8DB /* [CP] Check Pods Manifest.lock */ = {
			isa = PBXShellScriptBuildPhase;
			buildActionMask = 2147483647;
			files = (
			);
			inputFileListPaths = (
			);
			inputPaths = (
				"${PODS_PODFILE_DIR_PATH}/Podfile.lock",
				"${PODS_ROOT}/Manifest.lock",
			);
			name = "[CP] Check Pods Manifest.lock";
			outputFileListPaths = (
			);
			outputPaths = (
				"$(DERIVED_FILE_DIR)/Pods-Alle-checkManifestLockResult.txt",
			);
			runOnlyForDeploymentPostprocessing = 0;
			shellPath = /bin/sh;
			shellScript = "diff \"${PODS_PODFILE_DIR_PATH}/Podfile.lock\" \"${PODS_ROOT}/Manifest.lock\" > /dev/null\nif [ $? != 0 ] ; then\n    # print error to STDERR\n    echo \"error: The sandbox is not in sync with the Podfile.lock. Run 'pod install' or update your CocoaPods installation.\" >&2\n    exit 1\nfi\n# This output is used by Xcode 'outputs' to avoid re-running this script phase.\necho \"SUCCESS\" > \"${SCRIPT_OUTPUT_FILE_0}\"\n";
			showEnvVarsInLog = 0;
		};
		A8BBD3BB278413FF12A389E8 /* [CP] Embed Pods Frameworks */ = {
			isa = PBXShellScriptBuildPhase;
			buildActionMask = 2147483647;
			files = (
			);
			inputFileListPaths = (
				"${PODS_ROOT}/Target Support Files/Pods-Alle/Pods-Alle-frameworks-${CONFIGURATION}-input-files.xcfilelist",
			);
			name = "[CP] Embed Pods Frameworks";
			outputFileListPaths = (
				"${PODS_ROOT}/Target Support Files/Pods-Alle/Pods-Alle-frameworks-${CONFIGURATION}-output-files.xcfilelist",
			);
			runOnlyForDeploymentPostprocessing = 0;
			shellPath = /bin/sh;
			shellScript = "\"${PODS_ROOT}/Target Support Files/Pods-Alle/Pods-Alle-frameworks.sh\"\n";
			showEnvVarsInLog = 0;
		};
		EBDC08509CC7623B4508A4B2 /* [CP] Embed Pods Frameworks */ = {
			isa = PBXShellScriptBuildPhase;
			buildActionMask = 2147483647;
			files = (
			);
			inputFileListPaths = (
				"${PODS_ROOT}/Target Support Files/Pods-Alle-AlleUITests/Pods-Alle-AlleUITests-frameworks-${CONFIGURATION}-input-files.xcfilelist",
			);
			name = "[CP] Embed Pods Frameworks";
			outputFileListPaths = (
				"${PODS_ROOT}/Target Support Files/Pods-Alle-AlleUITests/Pods-Alle-AlleUITests-frameworks-${CONFIGURATION}-output-files.xcfilelist",
			);
			runOnlyForDeploymentPostprocessing = 0;
			shellPath = /bin/sh;
			shellScript = "\"${PODS_ROOT}/Target Support Files/Pods-Alle-AlleUITests/Pods-Alle-AlleUITests-frameworks.sh\"\n";
			showEnvVarsInLog = 0;
		};
		F12E085CB9A914A3BF7B26E8 /* [CP] Check Pods Manifest.lock */ = {
			isa = PBXShellScriptBuildPhase;
			buildActionMask = 2147483647;
			files = (
			);
			inputFileListPaths = (
			);
			inputPaths = (
				"${PODS_PODFILE_DIR_PATH}/Podfile.lock",
				"${PODS_ROOT}/Manifest.lock",
			);
			name = "[CP] Check Pods Manifest.lock";
			outputFileListPaths = (
			);
			outputPaths = (
				"$(DERIVED_FILE_DIR)/Pods-Alle-AlleUITests-checkManifestLockResult.txt",
			);
			runOnlyForDeploymentPostprocessing = 0;
			shellPath = /bin/sh;
			shellScript = "diff \"${PODS_PODFILE_DIR_PATH}/Podfile.lock\" \"${PODS_ROOT}/Manifest.lock\" > /dev/null\nif [ $? != 0 ] ; then\n    # print error to STDERR\n    echo \"error: The sandbox is not in sync with the Podfile.lock. Run 'pod install' or update your CocoaPods installation.\" >&2\n    exit 1\nfi\n# This output is used by Xcode 'outputs' to avoid re-running this script phase.\necho \"SUCCESS\" > \"${SCRIPT_OUTPUT_FILE_0}\"\n";
			showEnvVarsInLog = 0;
		};
/* End PBXShellScriptBuildPhase section */

/* Begin PBXSourcesBuildPhase section */
		03FE3C9D2AC6823800F070B2 /* Sources */ = {
			isa = PBXSourcesBuildPhase;
			buildActionMask = 2147483647;
			files = (
				03A367B82AC96BF1000D1A37 /* DescriptionCellLoadingState.swift in Sources */,
				03A367A42AC9651A000D1A37 /* NotesCellEditTextState.swift in Sources */,
				03A367C12AC98C83000D1A37 /* TagCollectionViewCell.swift in Sources */,
				03FE3CA92AC6823800F070B2 /* ViewController.swift in Sources */,
				03A367A82AC96702000D1A37 /* NotesCellAddTextState.swift in Sources */,
				037802672AC7167F005352A4 /* ImageViewController.swift in Sources */,
				03FE3CA52AC6823800F070B2 /* AppDelegate.swift in Sources */,
				03FD920F2AC6E92200D31413 /* ImageCollectionViewCell.swift in Sources */,
				03FD92092AC6DC6900D31413 /* Gallery.swift in Sources */,
				03D695CF2AC81749003A2962 /* ClassificationError.swift in Sources */,
				03FE3CE52AC69ADC00F070B2 /* GalleryViewController.swift in Sources */,
				03A367B42AC96A55000D1A37 /* ClassificationsCell.swift in Sources */,
				03FE3CD62AC6831800F070B2 /* AppScopeDependancyContainer.swift in Sources */,
				03D695CD2AC81527003A2962 /* OcrError.swift in Sources */,
				03A4AF082AC95FF400E4984A /* NotesCellInputTextState.swift in Sources */,
				03A4AEFC2AC93D5200E4984A /* ColorConstants.swift in Sources */,
				03FE3CA72AC6823800F070B2 /* SceneDelegate.swift in Sources */,
				034AD0F82AC84400007AF7A0 /* ThumnailCollectionViewCell.swift in Sources */,
				03A4AF002AC93F8200E4984A /* ImageInfoViewController.swift in Sources */,
				03FE3CEC2AC6AD0700F070B2 /* ImagesRepository.swift in Sources */,
				03A4AEFA2AC937C600E4984A /* ComponentsFactory.swift in Sources */,
				03A367BC2AC9703C000D1A37 /* DescriptionCell.swift in Sources */,
				03A367B02AC968A0000D1A37 /* ClassificationsCellLoadingState.swift in Sources */,
				03D695CB2AC81147003A2962 /* Classification.swift in Sources */,
				0378026E2AC71997005352A4 /* ImageEntity.swift in Sources */,
			);
			runOnlyForDeploymentPostprocessing = 0;
		};
		03FE3CB32AC6823A00F070B2 /* Sources */ = {
			isa = PBXSourcesBuildPhase;
			buildActionMask = 2147483647;
			files = (
				03FD92102AC6E92200D31413 /* ImageCollectionViewCell.swift in Sources */,
				0378026F2AC71997005352A4 /* ImageEntity.swift in Sources */,
				03FE3CE62AC69ADC00F070B2 /* GalleryViewController.swift in Sources */,
				03FD920A2AC6DC6900D31413 /* Gallery.swift in Sources */,
				037802682AC7167F005352A4 /* ImageViewController.swift in Sources */,
				03FE3CD72AC6831800F070B2 /* AppScopeDependancyContainer.swift in Sources */,
				03FE3CBC2AC6823A00F070B2 /* AlleTests.swift in Sources */,
				03FE3CED2AC6AD0700F070B2 /* ImagesRepository.swift in Sources */,
			);
			runOnlyForDeploymentPostprocessing = 0;
		};
		03FE3CBD2AC6823A00F070B2 /* Sources */ = {
			isa = PBXSourcesBuildPhase;
			buildActionMask = 2147483647;
			files = (
				03FE3CEE2AC6AD0700F070B2 /* ImagesRepository.swift in Sources */,
				037802702AC71997005352A4 /* ImageEntity.swift in Sources */,
				03FE3CC82AC6823A00F070B2 /* AlleUITestsLaunchTests.swift in Sources */,
				03FE3CE72AC69ADC00F070B2 /* GalleryViewController.swift in Sources */,
				03FD92112AC6E92200D31413 /* ImageCollectionViewCell.swift in Sources */,
				03FE3CC62AC6823A00F070B2 /* AlleUITests.swift in Sources */,
				03FD920B2AC6DC6900D31413 /* Gallery.swift in Sources */,
				037802692AC7167F005352A4 /* ImageViewController.swift in Sources */,
				03FE3CD82AC6831800F070B2 /* AppScopeDependancyContainer.swift in Sources */,
			);
			runOnlyForDeploymentPostprocessing = 0;
		};
/* End PBXSourcesBuildPhase section */

/* Begin PBXTargetDependency section */
		03FE3CB92AC6823A00F070B2 /* PBXTargetDependency */ = {
			isa = PBXTargetDependency;
			target = 03FE3CA02AC6823800F070B2 /* Alle */;
			targetProxy = 03FE3CB82AC6823A00F070B2 /* PBXContainerItemProxy */;
		};
		03FE3CC32AC6823A00F070B2 /* PBXTargetDependency */ = {
			isa = PBXTargetDependency;
			target = 03FE3CA02AC6823800F070B2 /* Alle */;
			targetProxy = 03FE3CC22AC6823A00F070B2 /* PBXContainerItemProxy */;
		};
/* End PBXTargetDependency section */

/* Begin PBXVariantGroup section */
		03FE3CAF2AC6823A00F070B2 /* LaunchScreen.storyboard */ = {
			isa = PBXVariantGroup;
			children = (
				03FE3CB02AC6823A00F070B2 /* Base */,
			);
			name = LaunchScreen.storyboard;
			sourceTree = "<group>";
		};
/* End PBXVariantGroup section */

/* Begin XCBuildConfiguration section */
		03FE3CC92AC6823A00F070B2 /* Debug */ = {
			isa = XCBuildConfiguration;
			buildSettings = {
				ALWAYS_SEARCH_USER_PATHS = NO;
				CLANG_ANALYZER_NONNULL = YES;
				CLANG_ANALYZER_NUMBER_OBJECT_CONVERSION = YES_AGGRESSIVE;
				CLANG_CXX_LANGUAGE_STANDARD = "gnu++20";
				CLANG_ENABLE_MODULES = YES;
				CLANG_ENABLE_OBJC_ARC = YES;
				CLANG_ENABLE_OBJC_WEAK = YES;
				CLANG_WARN_BLOCK_CAPTURE_AUTORELEASING = YES;
				CLANG_WARN_BOOL_CONVERSION = YES;
				CLANG_WARN_COMMA = YES;
				CLANG_WARN_CONSTANT_CONVERSION = YES;
				CLANG_WARN_DEPRECATED_OBJC_IMPLEMENTATIONS = YES;
				CLANG_WARN_DIRECT_OBJC_ISA_USAGE = YES_ERROR;
				CLANG_WARN_DOCUMENTATION_COMMENTS = YES;
				CLANG_WARN_EMPTY_BODY = YES;
				CLANG_WARN_ENUM_CONVERSION = YES;
				CLANG_WARN_INFINITE_RECURSION = YES;
				CLANG_WARN_INT_CONVERSION = YES;
				CLANG_WARN_NON_LITERAL_NULL_CONVERSION = YES;
				CLANG_WARN_OBJC_IMPLICIT_RETAIN_SELF = YES;
				CLANG_WARN_OBJC_LITERAL_CONVERSION = YES;
				CLANG_WARN_OBJC_ROOT_CLASS = YES_ERROR;
				CLANG_WARN_QUOTED_INCLUDE_IN_FRAMEWORK_HEADER = YES;
				CLANG_WARN_RANGE_LOOP_ANALYSIS = YES;
				CLANG_WARN_STRICT_PROTOTYPES = YES;
				CLANG_WARN_SUSPICIOUS_MOVE = YES;
				CLANG_WARN_UNGUARDED_AVAILABILITY = YES_AGGRESSIVE;
				CLANG_WARN_UNREACHABLE_CODE = YES;
				CLANG_WARN__DUPLICATE_METHOD_MATCH = YES;
				COPY_PHASE_STRIP = NO;
				DEBUG_INFORMATION_FORMAT = dwarf;
				ENABLE_STRICT_OBJC_MSGSEND = YES;
				ENABLE_TESTABILITY = YES;
				GCC_C_LANGUAGE_STANDARD = gnu11;
				GCC_DYNAMIC_NO_PIC = NO;
				GCC_NO_COMMON_BLOCKS = YES;
				GCC_OPTIMIZATION_LEVEL = 0;
				GCC_PREPROCESSOR_DEFINITIONS = (
					"DEBUG=1",
					"$(inherited)",
				);
				GCC_WARN_64_TO_32_BIT_CONVERSION = YES;
				GCC_WARN_ABOUT_RETURN_TYPE = YES_ERROR;
				GCC_WARN_UNDECLARED_SELECTOR = YES;
				GCC_WARN_UNINITIALIZED_AUTOS = YES_AGGRESSIVE;
				GCC_WARN_UNUSED_FUNCTION = YES;
				GCC_WARN_UNUSED_VARIABLE = YES;
				IPHONEOS_DEPLOYMENT_TARGET = 16.4;
				MTL_ENABLE_DEBUG_INFO = INCLUDE_SOURCE;
				MTL_FAST_MATH = YES;
				ONLY_ACTIVE_ARCH = YES;
				SDKROOT = iphoneos;
				SWIFT_ACTIVE_COMPILATION_CONDITIONS = DEBUG;
				SWIFT_OPTIMIZATION_LEVEL = "-Onone";
			};
			name = Debug;
		};
		03FE3CCA2AC6823A00F070B2 /* Release */ = {
			isa = XCBuildConfiguration;
			buildSettings = {
				ALWAYS_SEARCH_USER_PATHS = NO;
				CLANG_ANALYZER_NONNULL = YES;
				CLANG_ANALYZER_NUMBER_OBJECT_CONVERSION = YES_AGGRESSIVE;
				CLANG_CXX_LANGUAGE_STANDARD = "gnu++20";
				CLANG_ENABLE_MODULES = YES;
				CLANG_ENABLE_OBJC_ARC = YES;
				CLANG_ENABLE_OBJC_WEAK = YES;
				CLANG_WARN_BLOCK_CAPTURE_AUTORELEASING = YES;
				CLANG_WARN_BOOL_CONVERSION = YES;
				CLANG_WARN_COMMA = YES;
				CLANG_WARN_CONSTANT_CONVERSION = YES;
				CLANG_WARN_DEPRECATED_OBJC_IMPLEMENTATIONS = YES;
				CLANG_WARN_DIRECT_OBJC_ISA_USAGE = YES_ERROR;
				CLANG_WARN_DOCUMENTATION_COMMENTS = YES;
				CLANG_WARN_EMPTY_BODY = YES;
				CLANG_WARN_ENUM_CONVERSION = YES;
				CLANG_WARN_INFINITE_RECURSION = YES;
				CLANG_WARN_INT_CONVERSION = YES;
				CLANG_WARN_NON_LITERAL_NULL_CONVERSION = YES;
				CLANG_WARN_OBJC_IMPLICIT_RETAIN_SELF = YES;
				CLANG_WARN_OBJC_LITERAL_CONVERSION = YES;
				CLANG_WARN_OBJC_ROOT_CLASS = YES_ERROR;
				CLANG_WARN_QUOTED_INCLUDE_IN_FRAMEWORK_HEADER = YES;
				CLANG_WARN_RANGE_LOOP_ANALYSIS = YES;
				CLANG_WARN_STRICT_PROTOTYPES = YES;
				CLANG_WARN_SUSPICIOUS_MOVE = YES;
				CLANG_WARN_UNGUARDED_AVAILABILITY = YES_AGGRESSIVE;
				CLANG_WARN_UNREACHABLE_CODE = YES;
				CLANG_WARN__DUPLICATE_METHOD_MATCH = YES;
				COPY_PHASE_STRIP = NO;
				DEBUG_INFORMATION_FORMAT = "dwarf-with-dsym";
				ENABLE_NS_ASSERTIONS = NO;
				ENABLE_STRICT_OBJC_MSGSEND = YES;
				GCC_C_LANGUAGE_STANDARD = gnu11;
				GCC_NO_COMMON_BLOCKS = YES;
				GCC_WARN_64_TO_32_BIT_CONVERSION = YES;
				GCC_WARN_ABOUT_RETURN_TYPE = YES_ERROR;
				GCC_WARN_UNDECLARED_SELECTOR = YES;
				GCC_WARN_UNINITIALIZED_AUTOS = YES_AGGRESSIVE;
				GCC_WARN_UNUSED_FUNCTION = YES;
				GCC_WARN_UNUSED_VARIABLE = YES;
				IPHONEOS_DEPLOYMENT_TARGET = 16.4;
				MTL_ENABLE_DEBUG_INFO = NO;
				MTL_FAST_MATH = YES;
				SDKROOT = iphoneos;
				SWIFT_COMPILATION_MODE = wholemodule;
				SWIFT_OPTIMIZATION_LEVEL = "-O";
				VALIDATE_PRODUCT = YES;
			};
			name = Release;
		};
		03FE3CCC2AC6823A00F070B2 /* Debug */ = {
			isa = XCBuildConfiguration;
			baseConfigurationReference = 9DBC0C956D258B8B9A8CAECD /* Pods-Alle.debug.xcconfig */;
			buildSettings = {
				ASSETCATALOG_COMPILER_APPICON_NAME = AppIcon;
				ASSETCATALOG_COMPILER_GLOBAL_ACCENT_COLOR_NAME = AccentColor;
				CODE_SIGN_STYLE = Automatic;
				CURRENT_PROJECT_VERSION = 1;
				GENERATE_INFOPLIST_FILE = YES;
				INFOPLIST_FILE = Alle/Info.plist;
				INFOPLIST_KEY_UIApplicationSupportsIndirectInputEvents = YES;
				INFOPLIST_KEY_UILaunchStoryboardName = LaunchScreen;
				INFOPLIST_KEY_UIMainStoryboardFile = "";
				INFOPLIST_KEY_UISupportedInterfaceOrientations = UIInterfaceOrientationPortrait;
				LD_RUNPATH_SEARCH_PATHS = (
					"$(inherited)",
					"@executable_path/Frameworks",
				);
				MARKETING_VERSION = 1.0;
				PRODUCT_BUNDLE_IDENTIFIER = com.heyalle.Alle;
				PRODUCT_NAME = "$(TARGET_NAME)";
				SWIFT_EMIT_LOC_STRINGS = YES;
				SWIFT_VERSION = 5.0;
				TARGETED_DEVICE_FAMILY = "1,2";
			};
			name = Debug;
		};
		03FE3CCD2AC6823A00F070B2 /* Release */ = {
			isa = XCBuildConfiguration;
			baseConfigurationReference = FA2159307FC8776DFAB0EABC /* Pods-Alle.release.xcconfig */;
			buildSettings = {
				ASSETCATALOG_COMPILER_APPICON_NAME = AppIcon;
				ASSETCATALOG_COMPILER_GLOBAL_ACCENT_COLOR_NAME = AccentColor;
				CODE_SIGN_STYLE = Automatic;
				CURRENT_PROJECT_VERSION = 1;
				GENERATE_INFOPLIST_FILE = YES;
				INFOPLIST_FILE = Alle/Info.plist;
				INFOPLIST_KEY_UIApplicationSupportsIndirectInputEvents = YES;
				INFOPLIST_KEY_UILaunchStoryboardName = LaunchScreen;
				INFOPLIST_KEY_UIMainStoryboardFile = "";
				INFOPLIST_KEY_UISupportedInterfaceOrientations = UIInterfaceOrientationPortrait;
				LD_RUNPATH_SEARCH_PATHS = (
					"$(inherited)",
					"@executable_path/Frameworks",
				);
				MARKETING_VERSION = 1.0;
				PRODUCT_BUNDLE_IDENTIFIER = com.heyalle.Alle;
				PRODUCT_NAME = "$(TARGET_NAME)";
				SWIFT_EMIT_LOC_STRINGS = YES;
				SWIFT_VERSION = 5.0;
				TARGETED_DEVICE_FAMILY = "1,2";
			};
			name = Release;
		};
		03FE3CCF2AC6823A00F070B2 /* Debug */ = {
			isa = XCBuildConfiguration;
			baseConfigurationReference = A115E610F5E2AA25093DC4EA /* Pods-AlleTests.debug.xcconfig */;
			buildSettings = {
				ALWAYS_EMBED_SWIFT_STANDARD_LIBRARIES = YES;
				BUNDLE_LOADER = "$(TEST_HOST)";
				CODE_SIGN_STYLE = Automatic;
				CURRENT_PROJECT_VERSION = 1;
				GENERATE_INFOPLIST_FILE = YES;
				IPHONEOS_DEPLOYMENT_TARGET = 16.4;
				MARKETING_VERSION = 1.0;
				PRODUCT_BUNDLE_IDENTIFIER = com.heyalle.AlleTests;
				PRODUCT_NAME = "$(TARGET_NAME)";
				SWIFT_EMIT_LOC_STRINGS = NO;
				SWIFT_VERSION = 5.0;
				TARGETED_DEVICE_FAMILY = "1,2";
				TEST_HOST = "$(BUILT_PRODUCTS_DIR)/Alle.app/$(BUNDLE_EXECUTABLE_FOLDER_PATH)/Alle";
			};
			name = Debug;
		};
		03FE3CD02AC6823A00F070B2 /* Release */ = {
			isa = XCBuildConfiguration;
			baseConfigurationReference = 2175A990CAD0155DDFBE2541 /* Pods-AlleTests.release.xcconfig */;
			buildSettings = {
				ALWAYS_EMBED_SWIFT_STANDARD_LIBRARIES = YES;
				BUNDLE_LOADER = "$(TEST_HOST)";
				CODE_SIGN_STYLE = Automatic;
				CURRENT_PROJECT_VERSION = 1;
				GENERATE_INFOPLIST_FILE = YES;
				IPHONEOS_DEPLOYMENT_TARGET = 16.4;
				MARKETING_VERSION = 1.0;
				PRODUCT_BUNDLE_IDENTIFIER = com.heyalle.AlleTests;
				PRODUCT_NAME = "$(TARGET_NAME)";
				SWIFT_EMIT_LOC_STRINGS = NO;
				SWIFT_VERSION = 5.0;
				TARGETED_DEVICE_FAMILY = "1,2";
				TEST_HOST = "$(BUILT_PRODUCTS_DIR)/Alle.app/$(BUNDLE_EXECUTABLE_FOLDER_PATH)/Alle";
			};
			name = Release;
		};
		03FE3CD22AC6823A00F070B2 /* Debug */ = {
			isa = XCBuildConfiguration;
			baseConfigurationReference = BAB3D91F10B6645AD445BC3E /* Pods-Alle-AlleUITests.debug.xcconfig */;
			buildSettings = {
				ALWAYS_EMBED_SWIFT_STANDARD_LIBRARIES = YES;
				CODE_SIGN_STYLE = Automatic;
				CURRENT_PROJECT_VERSION = 1;
				GENERATE_INFOPLIST_FILE = YES;
				MARKETING_VERSION = 1.0;
				PRODUCT_BUNDLE_IDENTIFIER = com.heyalle.AlleUITests;
				PRODUCT_NAME = "$(TARGET_NAME)";
				SWIFT_EMIT_LOC_STRINGS = NO;
				SWIFT_VERSION = 5.0;
				TARGETED_DEVICE_FAMILY = "1,2";
				TEST_TARGET_NAME = Alle;
			};
			name = Debug;
		};
		03FE3CD32AC6823A00F070B2 /* Release */ = {
			isa = XCBuildConfiguration;
			baseConfigurationReference = 4C79522AD3FE9FFCC5DABD20 /* Pods-Alle-AlleUITests.release.xcconfig */;
			buildSettings = {
				ALWAYS_EMBED_SWIFT_STANDARD_LIBRARIES = YES;
				CODE_SIGN_STYLE = Automatic;
				CURRENT_PROJECT_VERSION = 1;
				GENERATE_INFOPLIST_FILE = YES;
				MARKETING_VERSION = 1.0;
				PRODUCT_BUNDLE_IDENTIFIER = com.heyalle.AlleUITests;
				PRODUCT_NAME = "$(TARGET_NAME)";
				SWIFT_EMIT_LOC_STRINGS = NO;
				SWIFT_VERSION = 5.0;
				TARGETED_DEVICE_FAMILY = "1,2";
				TEST_TARGET_NAME = Alle;
			};
			name = Release;
		};
/* End XCBuildConfiguration section */

/* Begin XCConfigurationList section */
		03FE3C9C2AC6823800F070B2 /* Build configuration list for PBXProject "Alle" */ = {
			isa = XCConfigurationList;
			buildConfigurations = (
				03FE3CC92AC6823A00F070B2 /* Debug */,
				03FE3CCA2AC6823A00F070B2 /* Release */,
			);
			defaultConfigurationIsVisible = 0;
			defaultConfigurationName = Release;
		};
		03FE3CCB2AC6823A00F070B2 /* Build configuration list for PBXNativeTarget "Alle" */ = {
			isa = XCConfigurationList;
			buildConfigurations = (
				03FE3CCC2AC6823A00F070B2 /* Debug */,
				03FE3CCD2AC6823A00F070B2 /* Release */,
			);
			defaultConfigurationIsVisible = 0;
			defaultConfigurationName = Release;
		};
		03FE3CCE2AC6823A00F070B2 /* Build configuration list for PBXNativeTarget "AlleTests" */ = {
			isa = XCConfigurationList;
			buildConfigurations = (
				03FE3CCF2AC6823A00F070B2 /* Debug */,
				03FE3CD02AC6823A00F070B2 /* Release */,
			);
			defaultConfigurationIsVisible = 0;
			defaultConfigurationName = Release;
		};
		03FE3CD12AC6823A00F070B2 /* Build configuration list for PBXNativeTarget "AlleUITests" */ = {
			isa = XCConfigurationList;
			buildConfigurations = (
				03FE3CD22AC6823A00F070B2 /* Debug */,
				03FE3CD32AC6823A00F070B2 /* Release */,
			);
			defaultConfigurationIsVisible = 0;
			defaultConfigurationName = Release;
		};
/* End XCConfigurationList section */
	};
	rootObject = 03FE3C992AC6823800F070B2 /* Project object */;
}
